
Microsoft Visual Studio Solution File, Format Version 12.00
# Visual Studio 15
VisualStudioVersion = 15.0.28010.2046
MinimumVisualStudioVersion = 10.0.40219.1
Project("{FAE04EC0-301F-11D3-BF4B-00C04F79EFBC}") = "dicmgate", "dicmgate.csproj", "{B6D950AA-335E-4C96-8419-057504F0011F}"
EndProject
Global
	GlobalSection(SolutionConfigurationPlatforms) = preSolution
		Debug|x86 = Debug|x86
		Release|x86 = Release|x86
	EndGlobalSection
	GlobalSection(ProjectConfigurationPlatforms) = postSolution
		{B6D950AA-335E-4C96-8419-057504F0011F}.Debug|x86.ActiveCfg = Debug|x86
		{B6D950AA-335E-4C96-8419-057504F0011F}.Debug|x86.Build.0 = Debug|x86
		{B6D950AA-335E-4C96-8419-057504F0011F}.Release|x86.ActiveCfg = Release|x86
		{B6D950AA-335E-4C96-8419-057504F0011F}.Release|x86.Build.0 = Release|x86
	EndGlobalSection
	GlobalSection(SolutionProperties) = preSolution
		HideSolutionNode = FALSE
	EndGlobalSection
	GlobalSection(ExtensibilityGlobals) = postSolution
		SolutionGuid = {7C66DE44-02A1-4F48-88D5-B9B363AD69AF}
	EndGlobalSection
EndGlobal
